
Microsoft Visual Studio Solution File, Format Version 12.00
# Visual Studio Version 17
VisualStudioVersion = 17.3.32929.385
MinimumVisualStudioVersion = 10.0.40219.1
Project("{2150E333-8FDC-42A3-9474-1A3956D46DE8}") = "Services", "Services", "{7B9B6BFB-3C50-4F2E-A9AD-27D6B7C1233A}"
EndProject
Project("{9A19103F-16F7-4668-BE54-9A1E7A4F7556}") = "GenerateCifApi", "GenerateCifApi\GenerateCifApi.csproj", "{67760E5E-858D-4F2D-8845-A8B95178470F}"
EndProject
Project("{2150E333-8FDC-42A3-9474-1A3956D46DE8}") = "Tests", "Tests", "{ADC6CD67-1707-434A-B46F-4CE78AC088B0}"
EndProject
Project("{FAE04EC0-301F-11D3-BF4B-00C04F79EFBC}") = "GenerateCifApiTest", "..\..\..\CustomerOnboardingDemo\GenerateCifApiTest\GenerateCifApiTest.csproj", "{B53B052C-9F0B-4243-A260-645048958F20}"
EndProject
Global
	GlobalSection(SolutionConfigurationPlatforms) = preSolution
		Debug|Any CPU = Debug|Any CPU
		Release|Any CPU = Release|Any CPU
	EndGlobalSection
	GlobalSection(ProjectConfigurationPlatforms) = postSolution
		{67760E5E-858D-4F2D-8845-A8B95178470F}.Debug|Any CPU.ActiveCfg = Debug|Any CPU
		{67760E5E-858D-4F2D-8845-A8B95178470F}.Debug|Any CPU.Build.0 = Debug|Any CPU
		{67760E5E-858D-4F2D-8845-A8B95178470F}.Release|Any CPU.ActiveCfg = Release|Any CPU
		{67760E5E-858D-4F2D-8845-A8B95178470F}.Release|Any CPU.Build.0 = Release|Any CPU
		{B53B052C-9F0B-4243-A260-645048958F20}.Debug|Any CPU.ActiveCfg = Debug|Any CPU
		{B53B052C-9F0B-4243-A260-645048958F20}.Debug|Any CPU.Build.0 = Debug|Any CPU
		{B53B052C-9F0B-4243-A260-645048958F20}.Release|Any CPU.ActiveCfg = Release|Any CPU
		{B53B052C-9F0B-4243-A260-645048958F20}.Release|Any CPU.Build.0 = Release|Any CPU
	EndGlobalSection
	GlobalSection(SolutionProperties) = preSolution
		HideSolutionNode = FALSE
	EndGlobalSection
	GlobalSection(NestedProjects) = preSolution
		{67760E5E-858D-4F2D-8845-A8B95178470F} = {7B9B6BFB-3C50-4F2E-A9AD-27D6B7C1233A}
		{B53B052C-9F0B-4243-A260-645048958F20} = {ADC6CD67-1707-434A-B46F-4CE78AC088B0}
	EndGlobalSection
	GlobalSection(ExtensibilityGlobals) = postSolution
		SolutionGuid = {B0346C90-8A51-42CE-BC37-8096B7804993}
	EndGlobalSection
EndGlobal
